
Microsoft Visual Studio Solution File, Format Version 12.00
# Visual Studio Version 16
VisualStudioVersion = 16.0.30611.23
MinimumVisualStudioVersion = 10.0.40219.1
Project("{9A19103F-16F7-4668-BE54-9A1E7A4F7556}") = "DailyStudent.Api", "DailyStudent.Api\DailyStudent.Api.csproj", "{9A4EDB00-8210-40B5-875F-76B1A46A3D92}"
EndProject
Project("{9A19103F-16F7-4668-BE54-9A1E7A4F7556}") = "DailyStudent.Tests", "DailyStudent.Tests\DailyStudent.Tests.csproj", "{5ECF3FD4-AAA3-43FF-B013-1B77E9F2E180}"
EndProject
Global
	GlobalSection(SolutionConfigurationPlatforms) = preSolution
		Debug|Any CPU = Debug|Any CPU
		Release|Any CPU = Release|Any CPU
	EndGlobalSection
	GlobalSection(ProjectConfigurationPlatforms) = postSolution
		{9A4EDB00-8210-40B5-875F-76B1A46A3D92}.Debug|Any CPU.ActiveCfg = Debug|Any CPU
		{9A4EDB00-8210-40B5-875F-76B1A46A3D92}.Debug|Any CPU.Build.0 = Debug|Any CPU
		{9A4EDB00-8210-40B5-875F-76B1A46A3D92}.Release|Any CPU.ActiveCfg = Release|Any CPU
		{9A4EDB00-8210-40B5-875F-76B1A46A3D92}.Release|Any CPU.Build.0 = Release|Any CPU
		{5ECF3FD4-AAA3-43FF-B013-1B77E9F2E180}.Debug|Any CPU.ActiveCfg = Debug|Any CPU
		{5ECF3FD4-AAA3-43FF-B013-1B77E9F2E180}.Debug|Any CPU.Build.0 = Debug|Any CPU
		{5ECF3FD4-AAA3-43FF-B013-1B77E9F2E180}.Release|Any CPU.ActiveCfg = Release|Any CPU
		{5ECF3FD4-AAA3-43FF-B013-1B77E9F2E180}.Release|Any CPU.Build.0 = Release|Any CPU
	EndGlobalSection
	GlobalSection(SolutionProperties) = preSolution
		HideSolutionNode = FALSE
	EndGlobalSection
	GlobalSection(ExtensibilityGlobals) = postSolution
		SolutionGuid = {CBE0BDD8-F2EE-4130-B6AA-4804C7DB498C}
	EndGlobalSection
EndGlobal
